
Microsoft Visual Studio Solution File, Format Version 12.00
# Visual Studio Version 16
VisualStudioVersion = 16.0.29920.165
MinimumVisualStudioVersion = 10.0.40219.1
Project("{9A19103F-16F7-4668-BE54-9A1E7A4F7556}") = "Example.Api", "Example.Api\Example.Api.csproj", "{1BC1FB25-F2A1-4CA0-94AB-1666B4F268B5}"
EndProject
Project("{FAE04EC0-301F-11D3-BF4B-00C04F79EFBC}") = "Example.Domain", "Example.Domain\Example.Domain.csproj", "{2AE2BBF3-3DFF-4CC6-B7EE-F019D777E131}"
EndProject
Project("{FAE04EC0-301F-11D3-BF4B-00C04F79EFBC}") = "Example.Infrastructure", "Example.Infrastructure\Example.Infrastructure.csproj", "{BD9217EA-28A2-46A7-83C4-358E34C04E7E}"
EndProject
Project("{FAE04EC0-301F-11D3-BF4B-00C04F79EFBC}") = "Example.Application", "Example.Application\Example.Application.csproj", "{24ECBF5E-9DA5-46D9-B9BD-6F098CD5323A}"
EndProject
Project("{2150E333-8FDC-42A3-9474-1A3956D46DE8}") = "Tests", "Tests", "{1EBCF635-6A02-4FB8-AB6F-D74474C44F2D}"
EndProject
Project("{FAE04EC0-301F-11D3-BF4B-00C04F79EFBC}") = "Example.Infrastructure.Tests", "Tests\Example.Infrastructure.Tests\Example.Infrastructure.Tests.csproj", "{044FD410-39D5-43F8-9E25-9845D0AB9827}"
EndProject
Project("{FAE04EC0-301F-11D3-BF4B-00C04F79EFBC}") = "Example.Application.Tests", "Tests\Example.Application.Tests\Example.Application.Tests.csproj", "{75EDB875-352A-40DF-AAA5-3B63E2604C57}"
EndProject
Project("{FAE04EC0-301F-11D3-BF4B-00C04F79EFBC}") = "Example.Domain.Tests", "Tests\Example.Domain.Tests\Example.Domain.Tests.csproj", "{5F3806D8-C3B9-4018-91BF-C21AE7D8CFBA}"
EndProject
Project("{FAE04EC0-301F-11D3-BF4B-00C04F79EFBC}") = "Example.Api.Tests", "Tests\Example.Api.Tests\Example.Api.Tests.csproj", "{891AFF88-B80E-46B7-B1C2-B0689B17DA79}"
EndProject
Global
	GlobalSection(SolutionConfigurationPlatforms) = preSolution
		Debug|Any CPU = Debug|Any CPU
		Release|Any CPU = Release|Any CPU
	EndGlobalSection
	GlobalSection(ProjectConfigurationPlatforms) = postSolution
		{1BC1FB25-F2A1-4CA0-94AB-1666B4F268B5}.Debug|Any CPU.ActiveCfg = Debug|Any CPU
		{1BC1FB25-F2A1-4CA0-94AB-1666B4F268B5}.Debug|Any CPU.Build.0 = Debug|Any CPU
		{1BC1FB25-F2A1-4CA0-94AB-1666B4F268B5}.Release|Any CPU.ActiveCfg = Release|Any CPU
		{1BC1FB25-F2A1-4CA0-94AB-1666B4F268B5}.Release|Any CPU.Build.0 = Release|Any CPU
		{2AE2BBF3-3DFF-4CC6-B7EE-F019D777E131}.Debug|Any CPU.ActiveCfg = Debug|Any CPU
		{2AE2BBF3-3DFF-4CC6-B7EE-F019D777E131}.Debug|Any CPU.Build.0 = Debug|Any CPU
		{2AE2BBF3-3DFF-4CC6-B7EE-F019D777E131}.Release|Any CPU.ActiveCfg = Release|Any CPU
		{2AE2BBF3-3DFF-4CC6-B7EE-F019D777E131}.Release|Any CPU.Build.0 = Release|Any CPU
		{BD9217EA-28A2-46A7-83C4-358E34C04E7E}.Debug|Any CPU.ActiveCfg = Debug|Any CPU
		{BD9217EA-28A2-46A7-83C4-358E34C04E7E}.Debug|Any CPU.Build.0 = Debug|Any CPU
		{BD9217EA-28A2-46A7-83C4-358E34C04E7E}.Release|Any CPU.ActiveCfg = Release|Any CPU
		{BD9217EA-28A2-46A7-83C4-358E34C04E7E}.Release|Any CPU.Build.0 = Release|Any CPU
		{24ECBF5E-9DA5-46D9-B9BD-6F098CD5323A}.Debug|Any CPU.ActiveCfg = Debug|Any CPU
		{24ECBF5E-9DA5-46D9-B9BD-6F098CD5323A}.Debug|Any CPU.Build.0 = Debug|Any CPU
		{24ECBF5E-9DA5-46D9-B9BD-6F098CD5323A}.Release|Any CPU.ActiveCfg = Release|Any CPU
		{24ECBF5E-9DA5-46D9-B9BD-6F098CD5323A}.Release|Any CPU.Build.0 = Release|Any CPU
		{044FD410-39D5-43F8-9E25-9845D0AB9827}.Debug|Any CPU.ActiveCfg = Debug|Any CPU
		{044FD410-39D5-43F8-9E25-9845D0AB9827}.Debug|Any CPU.Build.0 = Debug|Any CPU
		{044FD410-39D5-43F8-9E25-9845D0AB9827}.Release|Any CPU.ActiveCfg = Release|Any CPU
		{044FD410-39D5-43F8-9E25-9845D0AB9827}.Release|Any CPU.Build.0 = Release|Any CPU
		{75EDB875-352A-40DF-AAA5-3B63E2604C57}.Debug|Any CPU.ActiveCfg = Debug|Any CPU
		{75EDB875-352A-40DF-AAA5-3B63E2604C57}.Debug|Any CPU.Build.0 = Debug|Any CPU
		{75EDB875-352A-40DF-AAA5-3B63E2604C57}.Release|Any CPU.ActiveCfg = Release|Any CPU
		{75EDB875-352A-40DF-AAA5-3B63E2604C57}.Release|Any CPU.Build.0 = Release|Any CPU
		{5F3806D8-C3B9-4018-91BF-C21AE7D8CFBA}.Debug|Any CPU.ActiveCfg = Debug|Any CPU
		{5F3806D8-C3B9-4018-91BF-C21AE7D8CFBA}.Debug|Any CPU.Build.0 = Debug|Any CPU
		{5F3806D8-C3B9-4018-91BF-C21AE7D8CFBA}.Release|Any CPU.ActiveCfg = Release|Any CPU
		{5F3806D8-C3B9-4018-91BF-C21AE7D8CFBA}.Release|Any CPU.Build.0 = Release|Any CPU
		{891AFF88-B80E-46B7-B1C2-B0689B17DA79}.Debug|Any CPU.ActiveCfg = Debug|Any CPU
		{891AFF88-B80E-46B7-B1C2-B0689B17DA79}.Debug|Any CPU.Build.0 = Debug|Any CPU
		{891AFF88-B80E-46B7-B1C2-B0689B17DA79}.Release|Any CPU.ActiveCfg = Release|Any CPU
		{891AFF88-B80E-46B7-B1C2-B0689B17DA79}.Release|Any CPU.Build.0 = Release|Any CPU
	EndGlobalSection
	GlobalSection(SolutionProperties) = preSolution
		HideSolutionNode = FALSE
	EndGlobalSection
	GlobalSection(NestedProjects) = preSolution
		{044FD410-39D5-43F8-9E25-9845D0AB9827} = {1EBCF635-6A02-4FB8-AB6F-D74474C44F2D}
		{75EDB875-352A-40DF-AAA5-3B63E2604C57} = {1EBCF635-6A02-4FB8-AB6F-D74474C44F2D}
		{5F3806D8-C3B9-4018-91BF-C21AE7D8CFBA} = {1EBCF635-6A02-4FB8-AB6F-D74474C44F2D}
		{891AFF88-B80E-46B7-B1C2-B0689B17DA79} = {1EBCF635-6A02-4FB8-AB6F-D74474C44F2D}
	EndGlobalSection
	GlobalSection(ExtensibilityGlobals) = postSolution
		SolutionGuid = {AA6E9050-8209-48A3-B13D-702D14F54EF1}
	EndGlobalSection
EndGlobal
